<?xml version="1.0" encoding="utf-8"?>
<Project ToolsVersion="4.0" xmlns="http://schemas.microsoft.com/developer/msbuild/2003">
  <ItemGroup>
    <Filter Include="Source Files">
      <UniqueIdentifier>{4FC737F1-C7A5-4376-A066-2A32D752A2FF}</UniqueIdentifier>
      <Extensions>cpp;c;cc;cxx;def;odl;idl;hpj;bat;asm;asmx</Extensions>
    </Filter>
    <Filter Include="Header Files">
      <UniqueIdentifier>{93995380-89BD-4b04-88EB-625FBE52EBFB}</UniqueIdentifier>
      <Extensions>h;hh;hpp;hxx;hm;inl;inc;xsd</Extensions>
    </Filter>
    <Filter Include="Resource Files">
      <UniqueIdentifier>{67DA6AB6-F800-4c08-8B7A-83BB121AAD01}</UniqueIdentifier>
      <Extensions>rc;ico;cur;bmp;dlg;rc2;rct;bin;rgs;gif;jpg;jpeg;jpe;resx;tiff;tif;png;wav;mfcribbon-ms</Extensions>
    </Filter>
  </ItemGroup>
  <ItemGroup>
    <ClCompile Include="src\Main.cpp">
      <Filter>Source Files</Filter>
    </ClCompile>
    <ClCompile Include="src\Game.cpp">
      <Filter>Source Files</Filter>
    </ClCompile>
    <ClCompile Include="src\GameMaster.cpp">
      <Filter>Source Files</Filter>
    </ClCompile>
    <ClCompile Include="src\GameState.cpp">
      <Filter>Source Files</Filter>
    </ClCompile>
    <ClCompile Include="src\GUI\Widget.cpp">
      <Filter>Source Files</Filter>
    </ClCompile>
    <ClCompile Include="src\GUI\Button.cpp">
      <Filter>Source Files</Filter>
    </ClCompile>
    <ClCompile Include="src\Player.cpp">
      <Filter>Source Files</Filter>
    </ClCompile>
    <ClCompile Include="src\MouseEventsHandler.cpp">
      <Filter>Source Files</Filter>
    </ClCompile>
    <ClCompile Include="src\GUI.cpp">
      <Filter>Source Files</Filter>
    </ClCompile>
    <ClCompile Include="src\GameObject.cpp">
      <Filter>Source Files</Filter>
    </ClCompile>
    <ClCompile Include="src\KeyboardEvents.cpp">
      <Filter>Source Files</Filter>
    </ClCompile>
    <ClCompile Include="src\MainMenu.cpp">
      <Filter>Source Files</Filter>
    </ClCompile>
    <ClCompile Include="src\GUI\Label.cpp">
      <Filter>Source Files</Filter>
    </ClCompile>
    <ClCompile Include="src\Platform.cpp">
      <Filter>Source Files</Filter>
    </ClCompile>
    <ClCompile Include="src\SplashScreen.cpp">
      <Filter>Source Files</Filter>
    </ClCompile>
    <ClCompile Include="src\Obstacle.cpp">
      <Filter>Source Files</Filter>
    </ClCompile>
    <ClCompile Include="src\Background.cpp">
      <Filter>Source Files</Filter>
    </ClCompile>
    <ClCompile Include="src\EmptyObstacle.cpp">
      <Filter>Source Files</Filter>
    </ClCompile>
    <ClCompile Include="src\KeyVisualization.cpp">
      <Filter>Source Files</Filter>
    </ClCompile>
    <ClCompile Include="src\EndGameMenu.cpp">
      <Filter>Source Files</Filter>
    </ClCompile>
    <ClCompile Include="src\GameGhost.cpp">
      <Filter>Source Files</Filter>
    </ClCompile>
    <ClCompile Include="src\GUI\GraphicLabel.cpp">
      <Filter>Source Files</Filter>
    </ClCompile>
    <ClCompile Include="src\Foreground.cpp">
      <Filter>Source Files</Filter>
    </ClCompile>
    <ClCompile Include="src\SpinningKnifes.cpp">
      <Filter>Source Files</Filter>
    </ClCompile>
    <ClCompile Include="src\JumpObstacle.cpp">
      <Filter>Source Files</Filter>
    </ClCompile>
    <ClCompile Include="src\SlideObstacle.cpp">
      <Filter>Source Files</Filter>
    </ClCompile>
    <ClCompile Include="src\File.cpp">
      <Filter>Source Files</Filter>
    </ClCompile>
    <ClCompile Include="src\pugixml\pugixml.cpp">
      <Filter>Source Files</Filter>
    </ClCompile>
  </ItemGroup>
  <ItemGroup>
    <ClInclude Include="include\Game.hpp">
      <Filter>Header Files</Filter>
    </ClInclude>
    <ClInclude Include="include\GameMaster.hpp">
      <Filter>Header Files</Filter>
    </ClInclude>
    <ClInclude Include="include\GameState.hpp">
      <Filter>Header Files</Filter>
    </ClInclude>
    <ClInclude Include="include\GameObject.hpp">
      <Filter>Header Files</Filter>
    </ClInclude>
    <ClInclude Include="include\GUI\Button.hpp">
      <Filter>Header Files</Filter>
    </ClInclude>
    <ClInclude Include="include\Globals.hpp">
      <Filter>Header Files</Filter>
    </ClInclude>
    <ClInclude Include="include\GUI.hpp">
      <Filter>Header Files</Filter>
    </ClInclude>
    <ClInclude Include="include\MouseEventsHandler.hpp">
      <Filter>Header Files</Filter>
    </ClInclude>
    <ClInclude Include="include\Player.hpp">
      <Filter>Header Files</Filter>
    </ClInclude>
    <ClInclude Include="include\KeyboardEvents.hpp">
      <Filter>Header Files</Filter>
    </ClInclude>
    <ClInclude Include="include\GUI\Widget.hpp">
      <Filter>Header Files</Filter>
    </ClInclude>
    <ClInclude Include="include\MainMenu.hpp">
      <Filter>Header Files</Filter>
    </ClInclude>
    <ClInclude Include="include\GUI\Label.hpp">
      <Filter>Header Files</Filter>
    </ClInclude>
    <ClInclude Include="include\Platform.hpp">
      <Filter>Header Files</Filter>
    </ClInclude>
    <ClInclude Include="include\SplashScreen.hpp">
      <Filter>Header Files</Filter>
    </ClInclude>
    <ClInclude Include="include\Platform.hpp">
      <Filter>Header Files</Filter>
    </ClInclude>
    <ClInclude Include="include\Obstacle.hpp">
      <Filter>Header Files</Filter>
    </ClInclude>
    <ClInclude Include="include\Background.hpp">
      <Filter>Header Files</Filter>
    </ClInclude>
    <ClInclude Include="include\EmptyObstacle.hpp">
      <Filter>Header Files</Filter>
    </ClInclude>
    <ClInclude Include="include\KeyVisualization.hpp">
      <Filter>Header Files</Filter>
    </ClInclude>
    <ClInclude Include="include\EndGameMenu.hpp">
      <Filter>Header Files</Filter>
    </ClInclude>
    <ClInclude Include="include\GameGhost.hpp">
      <Filter>Header Files</Filter>
    </ClInclude>
    <ClInclude Include="include\GUI\GraphicLabel.hpp">
      <Filter>Header Files</Filter>
    </ClInclude>
    <ClInclude Include="include\Foreground.hpp">
      <Filter>Header Files</Filter>
    </ClInclude>
    <ClInclude Include="include\SpinningKnifes.hpp">
      <Filter>Header Files</Filter>
    </ClInclude>
    <ClInclude Include="include\JumpObstacle.hpp">
      <Filter>Header Files</Filter>
    </ClInclude>
    <ClInclude Include="include\SlideObstacle.hpp">
      <Filter>Header Files</Filter>
    </ClInclude>
    <ClInclude Include="include\GUI\Widgets.hpp">
      <Filter>Header Files</Filter>
    </ClInclude>
    <ClInclude Include="include\File.hpp">
      <Filter>Header Files</Filter>
    </ClInclude>
    <ClInclude Include="include\pugixml\pugiconfig.hpp">
      <Filter>Header Files</Filter>
    </ClInclude>
    <ClInclude Include="include\pugixml\pugixml.hpp">
      <Filter>Header Files</Filter>
    </ClInclude>
  </ItemGroup>
  <ItemGroup>
    <Library Include="libraries\SFML\bin\x64\lib\flac.lib" />
    <Library Include="libraries\SFML\bin\x86\lib\vorbisfile.lib" />
    <Library Include="libraries\SFML\bin\x86\lib\vorbisenc.lib" />
    <Library Include="libraries\SFML\bin\x86\lib\vorbis.lib" />
    <Library Include="libraries\SFML\bin\x86\lib\sfml-window-s-d.lib" />
    <Library Include="libraries\SFML\bin\x86\lib\sfml-window-s.lib" />
    <Library Include="libraries\SFML\bin\x86\lib\sfml-system-s.lib" />
    <Library Include="libraries\SFML\bin\x86\lib\sfml-system-s-d.lib" />
    <Library Include="libraries\SFML\bin\x86\lib\sfml-window-d.lib" />
    <Library Include="libraries\SFML\bin\x86\lib\sfml-window.lib" />
    <Library Include="libraries\SFML\bin\x86\lib\sfml-system-d.lib" />
    <Library Include="libraries\SFML\bin\x86\lib\sfml-system.lib" />
    <Library Include="libraries\SFML\bin\x86\lib\flac.lib" />
    <Library Include="libraries\SFML\bin\x86\lib\jpeg.lib" />
    <Library Include="libraries\SFML\bin\x86\lib\freetype.lib" />
    <Library Include="libraries\SFML\bin\x86\lib\openal32.lib" />
    <Library Include="libraries\SFML\bin\x86\lib\ogg.lib" />
    <Library Include="libraries\SFML\bin\x86\lib\sfml-audio.lib" />
    <Library Include="libraries\SFML\bin\x86\lib\sfml-graphics.lib" />
    <Library Include="libraries\SFML\bin\x86\lib\sfml-audio-d.lib" />
    <Library Include="libraries\SFML\bin\x86\lib\sfml-audio-s.lib" />
    <Library Include="libraries\SFML\bin\x86\lib\sfml-audio-s-d.lib" />
    <Library Include="libraries\SFML\bin\x86\lib\sfml-graphics-d.lib" />
    <Library Include="libraries\SFML\bin\x86\lib\sfml-graphics-s-d.lib" />
    <Library Include="libraries\SFML\bin\x86\lib\sfml-graphics-s.lib" />
    <Library Include="libraries\SFML\bin\x86\lib\sfml-main.lib" />
    <Library Include="libraries\SFML\bin\x86\lib\sfml-main-d.lib" />
    <Library Include="libraries\SFML\bin\x86\lib\sfml-network.lib" />
    <Library Include="libraries\SFML\bin\x86\lib\sfml-network-d.lib" />
    <Library Include="libraries\SFML\bin\x86\lib\sfml-network-s.lib" />
    <Library Include="libraries\SFML\bin\x86\lib\sfml-network-s-d.lib" />
    <Library Include="libraries\SFML\bin\x64\lib\freetype.lib" />
    <Library Include="libraries\SFML\bin\x64\lib\ogg.lib" />
    <Library Include="libraries\SFML\bin\x64\lib\jpeg.lib" />
    <Library Include="libraries\SFML\bin\x64\lib\openal32.lib" />
    <Library Include="libraries\SFML\bin\x64\lib\sfml-audio-d.lib" />
    <Library Include="libraries\SFML\bin\x64\lib\sfml-audio.lib" />
    <Library Include="libraries\SFML\bin\x64\lib\sfml-audio-s.lib" />
    <Library Include="libraries\SFML\bin\x64\lib\sfml-graphics-d.lib" />
    <Library Include="libraries\SFML\bin\x64\lib\sfml-audio-s-d.lib" />
    <Library Include="libraries\SFML\bin\x64\lib\sfml-graphics.lib" />
    <Library Include="libraries\SFML\bin\x64\lib\sfml-graphics-s-d.lib" />
    <Library Include="libraries\SFML\bin\x64\lib\sfml-graphics-s.lib" />
    <Library Include="libraries\SFML\bin\x64\lib\sfml-network-s-d.lib" />
    <Library Include="libraries\SFML\bin\x64\lib\sfml-window-d.lib" />
    <Library Include="libraries\SFML\bin\x64\lib\vorbisfile.lib" />
    <Library Include="libraries\SFML\bin\x64\lib\vorbisenc.lib" />
    <Library Include="libraries\SFML\bin\x64\lib\vorbis.lib" />
    <Library Include="libraries\SFML\bin\x64\lib\sfml-window-s-d.lib" />
    <Library Include="libraries\SFML\bin\x64\lib\sfml-window-s.lib" />
    <Library Include="libraries\SFML\bin\x64\lib\sfml-window.lib" />
    <Library Include="libraries\SFML\bin\x64\lib\sfml-system-s.lib" />
    <Library Include="libraries\SFML\bin\x64\lib\sfml-system-s-d.lib" />
    <Library Include="libraries\SFML\bin\x64\lib\sfml-system-d.lib" />
    <Library Include="libraries\SFML\bin\x64\lib\sfml-system.lib" />
    <Library Include="libraries\SFML\bin\x64\lib\sfml-network-s.lib" />
    <Library Include="libraries\SFML\bin\x64\lib\sfml-network.lib" />
    <Library Include="libraries\SFML\bin\x64\lib\sfml-network-d.lib" />
    <Library Include="libraries\SFML\bin\x64\lib\sfml-main.lib" />
    <Library Include="libraries\SFML\bin\x64\lib\sfml-main-d.lib" />
  </ItemGroup>
  <ItemGroup>
    <None Include="libraries\SFML\bin\x86\lib\sfml-window-s-d.pdb" />
    <None Include="libraries\SFML\bin\x86\lib\sfml-window-d.pdb" />
    <None Include="libraries\SFML\bin\x86\lib\sfml-system-s-d.pdb" />
    <None Include="libraries\SFML\bin\x86\lib\sfml-system-d.pdb" />
    <None Include="libraries\SFML\bin\x86\lib\sfml-audio-d.pdb" />
    <None Include="libraries\SFML\bin\x86\lib\sfml-audio-s-d.pdb" />
    <None Include="libraries\SFML\bin\x86\lib\sfml-graphics-d.pdb" />
    <None Include="libraries\SFML\bin\x86\lib\sfml-graphics-s-d.pdb" />
    <None Include="libraries\SFML\bin\x86\lib\sfml-network-d.pdb" />
    <None Include="libraries\SFML\bin\x86\lib\sfml-network-s-d.pdb" />
    <None Include="libraries\SFML\bin\x64\lib\sfml-audio-d.pdb" />
    <None Include="libraries\SFML\bin\x64\lib\sfml-audio-s-d.pdb" />
    <None Include="libraries\SFML\bin\x64\lib\sfml-graphics-d.pdb" />
    <None Include="libraries\SFML\bin\x64\lib\sfml-window-s-d.pdb" />
    <None Include="libraries\SFML\bin\x64\lib\sfml-window-d.pdb" />
    <None Include="libraries\SFML\bin\x64\lib\sfml-system-s-d.pdb" />
    <None Include="libraries\SFML\bin\x64\lib\sfml-system-d.pdb" />
    <None Include="libraries\SFML\bin\x64\lib\sfml-network-s-d.pdb" />
    <None Include="libraries\SFML\bin\x64\lib\sfml-network-d.pdb" />
    <None Include="libraries\SFML\bin\x64\lib\sfml-graphics-s-d.pdb" />
    <None Include="Game\bin\x64\openal32.dll" />
    <None Include="Game\bin\graphics\CharacterSheet.pdn" />
    <None Include="Game\bin\x86\openal32.dll" />
    <None Include="Game\bin\graphics\platform100x40x1.pdn" />
    <None Include="Game\bin\graphics\platform200x40x1.pdn" />
    <None Include="Game\bin\graphics\platform400x40x1.pdn" />
    <None Include="Game\bin\graphics\platform800x40x1.pdn" />
    <None Include="Game\bin\graphics\backgroundMain.pdn" />
    <None Include="Game\bin\graphics\polsl.pdn" />
    <None Include="Game\bin\graphics\clouds.pdn" />
    <None Include="Game\bin\graphics\quitButton.pdn" />
    <None Include="Game\bin\graphics\startButton.pdn" />
    <None Include="Game\bin\graphics\combo.pdn" />
    <None Include="Game\bin\graphics\Loading.pdn" />
    <None Include="Game\bin\graphics\nums.pdn" />
    <None Include="Game\bin\graphics\quitButton_hoover_.pdn" />
    <None Include="Game\bin\graphics\wirujaceOstrzeZnikad.pdn" />
    <None Include="Game\bin\graphics\trees.pdn" />
  </ItemGroup>
  <ItemGroup>
    <Image Include="Game\bin\graphics\CharacterSheet.png">
      <Filter>Resource Files</Filter>
    </Image>
    <Image Include="Game\bin\graphics\StartScreenFinal.png">
      <Filter>Resource Files</Filter>
    </Image>
    <Image Include="Game\bin\graphics\Intro\Intro_000000.png">
      <Filter>Resource Files</Filter>
    </Image>
    <Image Include="Game\bin\graphics\Intro\Intro_000001.png">
      <Filter>Resource Files</Filter>
    </Image>
    <Image Include="Game\bin\graphics\Intro\Intro_000002.png">
      <Filter>Resource Files</Filter>
    </Image>
    <Image Include="Game\bin\graphics\Intro\Intro_000003.png">
      <Filter>Resource Files</Filter>
    </Image>
    <Image Include="Game\bin\graphics\Intro\Intro_000004.png">
      <Filter>Resource Files</Filter>
    </Image>
    <Image Include="Game\bin\graphics\Intro\Intro_000005.png">
      <Filter>Resource Files</Filter>
    </Image>
    <Image Include="Game\bin\graphics\Intro\Intro_000006.png">
      <Filter>Resource Files</Filter>
    </Image>
    <Image Include="Game\bin\graphics\Intro\Intro_000007.png">
      <Filter>Resource Files</Filter>
    </Image>
    <Image Include="Game\bin\graphics\Intro\Intro_000008.png">
      <Filter>Resource Files</Filter>
    </Image>
    <Image Include="Game\bin\graphics\Intro\Intro_000009.png">
      <Filter>Resource Files</Filter>
    </Image>
    <Image Include="Game\bin\graphics\Intro\Intro_000010.png">
      <Filter>Resource Files</Filter>
    </Image>
    <Image Include="Game\bin\graphics\Intro\Intro_000011.png">
      <Filter>Resource Files</Filter>
    </Image>
    <Image Include="Game\bin\graphics\Intro\Intro_000012.png">
      <Filter>Resource Files</Filter>
    </Image>
    <Image Include="Game\bin\graphics\Intro\Intro_000013.png">
      <Filter>Resource Files</Filter>
    </Image>
    <Image Include="Game\bin\graphics\Intro\Intro_000014.png">
      <Filter>Resource Files</Filter>
    </Image>
    <Image Include="Game\bin\graphics\Intro\Intro_000015.png">
      <Filter>Resource Files</Filter>
    </Image>
    <Image Include="Game\bin\graphics\Intro\Intro_000016.png">
      <Filter>Resource Files</Filter>
    </Image>
    <Image Include="Game\bin\graphics\Intro\Intro_000017.png">
      <Filter>Resource Files</Filter>
    </Image>
    <Image Include="Game\bin\graphics\Intro\Intro_000018.png">
      <Filter>Resource Files</Filter>
    </Image>
    <Image Include="Game\bin\graphics\Intro\Intro_000019.png">
      <Filter>Resource Files</Filter>
    </Image>
    <Image Include="Game\bin\graphics\Intro\Intro_000020.png">
      <Filter>Resource Files</Filter>
    </Image>
    <Image Include="Game\bin\graphics\Intro\Intro_000021.png">
      <Filter>Resource Files</Filter>
    </Image>
    <Image Include="Game\bin\graphics\Intro\Intro_000022.png">
      <Filter>Resource Files</Filter>
    </Image>
    <Image Include="Game\bin\graphics\Intro\Intro_000023.png">
      <Filter>Resource Files</Filter>
    </Image>
    <Image Include="Game\bin\graphics\Intro\Intro_000024.png">
      <Filter>Resource Files</Filter>
    </Image>
    <Image Include="Game\bin\graphics\Intro\Intro_000025.png">
      <Filter>Resource Files</Filter>
    </Image>
    <Image Include="Game\bin\graphics\Intro\Intro_000026.png">
      <Filter>Resource Files</Filter>
    </Image>
    <Image Include="Game\bin\graphics\Intro\Intro_000027.png">
      <Filter>Resource Files</Filter>
    </Image>
    <Image Include="Game\bin\graphics\Intro\Intro_000028.png">
      <Filter>Resource Files</Filter>
    </Image>
    <Image Include="Game\bin\graphics\Intro\Intro_000029.png">
      <Filter>Resource Files</Filter>
    </Image>
    <Image Include="Game\bin\graphics\Intro\Intro_000030.png">
      <Filter>Resource Files</Filter>
    </Image>
    <Image Include="Game\bin\graphics\Intro\Intro_000031.png">
      <Filter>Resource Files</Filter>
    </Image>
    <Image Include="Game\bin\graphics\Intro\Intro_000032.png">
      <Filter>Resource Files</Filter>
    </Image>
    <Image Include="Game\bin\graphics\Intro\Intro_000033.png">
      <Filter>Resource Files</Filter>
    </Image>
    <Image Include="Game\bin\graphics\Intro\Intro_000034.png">
      <Filter>Resource Files</Filter>
    </Image>
    <Image Include="Game\bin\graphics\Intro\Intro_000035.png">
      <Filter>Resource Files</Filter>
    </Image>
    <Image Include="Game\bin\graphics\Intro\Intro_000036.png">
      <Filter>Resource Files</Filter>
    </Image>
    <Image Include="Game\bin\graphics\Intro\Intro_000037.png">
      <Filter>Resource Files</Filter>
    </Image>
    <Image Include="Game\bin\graphics\Intro\Intro_000038.png">
      <Filter>Resource Files</Filter>
    </Image>
    <Image Include="Game\bin\graphics\Intro\Intro_000039.png">
      <Filter>Resource Files</Filter>
    </Image>
    <Image Include="Game\bin\graphics\Intro\Intro_000040.png">
      <Filter>Resource Files</Filter>
    </Image>
    <Image Include="Game\bin\graphics\Intro\Intro_000041.png">
      <Filter>Resource Files</Filter>
    </Image>
    <Image Include="Game\bin\graphics\Intro\Intro_000042.png">
      <Filter>Resource Files</Filter>
    </Image>
    <Image Include="Game\bin\graphics\Intro\Intro_000043.png">
      <Filter>Resource Files</Filter>
    </Image>
    <Image Include="Game\bin\graphics\Intro\Intro_000044.png">
      <Filter>Resource Files</Filter>
    </Image>
    <Image Include="Game\bin\graphics\Intro\Intro_000045.png">
      <Filter>Resource Files</Filter>
    </Image>
    <Image Include="Game\bin\graphics\Intro\Intro_000046.png">
      <Filter>Resource Files</Filter>
    </Image>
    <Image Include="Game\bin\graphics\Intro\Intro_000047.png">
      <Filter>Resource Files</Filter>
    </Image>
    <Image Include="Game\bin\graphics\Intro\Intro_000048.png">
      <Filter>Resource Files</Filter>
    </Image>
    <Image Include="Game\bin\graphics\Intro\Intro_000049.png">
      <Filter>Resource Files</Filter>
    </Image>
    <Image Include="Game\bin\graphics\Intro\Intro_000050.png">
      <Filter>Resource Files</Filter>
    </Image>
    <Image Include="Game\bin\graphics\Intro\Intro_000051.png">
      <Filter>Resource Files</Filter>
    </Image>
    <Image Include="Game\bin\graphics\Intro\Intro_000052.png">
      <Filter>Resource Files</Filter>
    </Image>
    <Image Include="Game\bin\graphics\Intro\Intro_000053.png">
      <Filter>Resource Files</Filter>
    </Image>
    <Image Include="Game\bin\graphics\Intro\Intro_000054.png">
      <Filter>Resource Files</Filter>
    </Image>
    <Image Include="Game\bin\graphics\Intro\Intro_000055.png">
      <Filter>Resource Files</Filter>
    </Image>
    <Image Include="Game\bin\graphics\Intro\Intro_000056.png">
      <Filter>Resource Files</Filter>
    </Image>
    <Image Include="Game\bin\graphics\Intro\Intro_000057.png">
      <Filter>Resource Files</Filter>
    </Image>
    <Image Include="Game\bin\graphics\Intro\Intro_000058.png">
      <Filter>Resource Files</Filter>
    </Image>
    <Image Include="Game\bin\graphics\Intro\Intro_000059.png">
      <Filter>Resource Files</Filter>
    </Image>
    <Image Include="Game\bin\graphics\Intro\Intro_000060.png">
      <Filter>Resource Files</Filter>
    </Image>
    <Image Include="Game\bin\graphics\Intro\Intro_000061.png">
      <Filter>Resource Files</Filter>
    </Image>
    <Image Include="Game\bin\graphics\Intro\Intro_000062.png">
      <Filter>Resource Files</Filter>
    </Image>
    <Image Include="Game\bin\graphics\Intro\Intro_000063.png">
      <Filter>Resource Files</Filter>
    </Image>
    <Image Include="Game\bin\graphics\Intro\Intro_000064.png">
      <Filter>Resource Files</Filter>
    </Image>
    <Image Include="Game\bin\graphics\Intro\Intro_000065.png">
      <Filter>Resource Files</Filter>
    </Image>
    <Image Include="Game\bin\graphics\Intro\Intro_000066.png">
      <Filter>Resource Files</Filter>
    </Image>
    <Image Include="Game\bin\graphics\Intro\Intro_000067.png">
      <Filter>Resource Files</Filter>
    </Image>
    <Image Include="Game\bin\graphics\Intro\Intro_000068.png">
      <Filter>Resource Files</Filter>
    </Image>
    <Image Include="Game\bin\graphics\Intro\Intro_000069.png">
      <Filter>Resource Files</Filter>
    </Image>
    <Image Include="Game\bin\graphics\Intro\Intro_000070.png">
      <Filter>Resource Files</Filter>
    </Image>
    <Image Include="Game\bin\graphics\Intro\Intro_000071.png">
      <Filter>Resource Files</Filter>
    </Image>
    <Image Include="Game\bin\graphics\Intro\Intro_000072.png">
      <Filter>Resource Files</Filter>
    </Image>
    <Image Include="Game\bin\graphics\Intro\Intro_000073.png">
      <Filter>Resource Files</Filter>
    </Image>
    <Image Include="Game\bin\graphics\Intro\Intro_000074.png">
      <Filter>Resource Files</Filter>
    </Image>
    <Image Include="Game\bin\graphics\Intro\Intro_000075.png">
      <Filter>Resource Files</Filter>
    </Image>
    <Image Include="Game\bin\graphics\Intro\Intro_000076.png">
      <Filter>Resource Files</Filter>
    </Image>
    <Image Include="Game\bin\graphics\Intro\Intro_000077.png">
      <Filter>Resource Files</Filter>
    </Image>
    <Image Include="Game\bin\graphics\Intro\Intro_000078.png">
      <Filter>Resource Files</Filter>
    </Image>
    <Image Include="Game\bin\graphics\Intro\Intro_000079.png">
      <Filter>Resource Files</Filter>
    </Image>
    <Image Include="Game\bin\graphics\Intro\Intro_000080.png">
      <Filter>Resource Files</Filter>
    </Image>
    <Image Include="Game\bin\graphics\Intro\Intro_000081.png">
      <Filter>Resource Files</Filter>
    </Image>
    <Image Include="Game\bin\graphics\Intro\Intro_000082.png">
      <Filter>Resource Files</Filter>
    </Image>
    <Image Include="Game\bin\graphics\Intro\Intro_000083.png">
      <Filter>Resource Files</Filter>
    </Image>
    <Image Include="Game\bin\graphics\Intro\Intro_000084.png">
      <Filter>Resource Files</Filter>
    </Image>
    <Image Include="Game\bin\graphics\Intro\Intro_000085.png">
      <Filter>Resource Files</Filter>
    </Image>
    <Image Include="Game\bin\graphics\Intro\Intro_000086.png">
      <Filter>Resource Files</Filter>
    </Image>
    <Image Include="Game\bin\graphics\Intro\Intro_000087.png">
      <Filter>Resource Files</Filter>
    </Image>
    <Image Include="Game\bin\graphics\Intro\Intro_000088.png">
      <Filter>Resource Files</Filter>
    </Image>
    <Image Include="Game\bin\graphics\Intro\Intro_000089.png">
      <Filter>Resource Files</Filter>
    </Image>
    <Image Include="Game\bin\graphics\Intro\Intro_000090.png">
      <Filter>Resource Files</Filter>
    </Image>
    <Image Include="Game\bin\graphics\Intro\Intro_000091.png">
      <Filter>Resource Files</Filter>
    </Image>
    <Image Include="Game\bin\graphics\Intro\Intro_000092.png">
      <Filter>Resource Files</Filter>
    </Image>
    <Image Include="Game\bin\graphics\Intro\Intro_000093.png">
      <Filter>Resource Files</Filter>
    </Image>
    <Image Include="Game\bin\graphics\Intro\Intro_000094.png">
      <Filter>Resource Files</Filter>
    </Image>
    <Image Include="Game\bin\graphics\Intro\Intro_000095.png">
      <Filter>Resource Files</Filter>
    </Image>
    <Image Include="Game\bin\graphics\Intro\Intro_000096.png">
      <Filter>Resource Files</Filter>
    </Image>
    <Image Include="Game\bin\graphics\Intro\Intro_000097.png">
      <Filter>Resource Files</Filter>
    </Image>
    <Image Include="Game\bin\graphics\Intro\Intro_000098.png">
      <Filter>Resource Files</Filter>
    </Image>
    <Image Include="Game\bin\graphics\Intro\Intro_000099.png">
      <Filter>Resource Files</Filter>
    </Image>
    <Image Include="Game\bin\graphics\Intro\Intro_000100.png">
      <Filter>Resource Files</Filter>
    </Image>
    <Image Include="Game\bin\graphics\Intro\Intro_000101.png">
      <Filter>Resource Files</Filter>
    </Image>
    <Image Include="Game\bin\graphics\Intro\Intro_000102.png">
      <Filter>Resource Files</Filter>
    </Image>
    <Image Include="Game\bin\graphics\Intro\Intro_000103.png">
      <Filter>Resource Files</Filter>
    </Image>
    <Image Include="Game\bin\graphics\Intro\Intro_000104.png">
      <Filter>Resource Files</Filter>
    </Image>
    <Image Include="Game\bin\graphics\Intro\Intro_000105.png">
      <Filter>Resource Files</Filter>
    </Image>
    <Image Include="Game\bin\graphics\Intro\Intro_000106.png">
      <Filter>Resource Files</Filter>
    </Image>
    <Image Include="Game\bin\graphics\Intro\Intro_000107.png">
      <Filter>Resource Files</Filter>
    </Image>
    <Image Include="Game\bin\graphics\Intro\Intro_000108.png">
      <Filter>Resource Files</Filter>
    </Image>
    <Image Include="Game\bin\graphics\Intro\Intro_000109.png">
      <Filter>Resource Files</Filter>
    </Image>
    <Image Include="Game\bin\graphics\Intro\Intro_000110.png">
      <Filter>Resource Files</Filter>
    </Image>
    <Image Include="Game\bin\graphics\Intro\Intro_000111.png">
      <Filter>Resource Files</Filter>
    </Image>
    <Image Include="Game\bin\graphics\Intro\Intro_000112.png">
      <Filter>Resource Files</Filter>
    </Image>
    <Image Include="Game\bin\graphics\Intro\Intro_000113.png">
      <Filter>Resource Files</Filter>
    </Image>
    <Image Include="Game\bin\graphics\Intro\Intro_000114.png">
      <Filter>Resource Files</Filter>
    </Image>
    <Image Include="Game\bin\graphics\Intro\Intro_000115.png">
      <Filter>Resource Files</Filter>
    </Image>
    <Image Include="Game\bin\graphics\Intro\Intro_000116.png">
      <Filter>Resource Files</Filter>
    </Image>
    <Image Include="Game\bin\graphics\Intro\Intro_000117.png">
      <Filter>Resource Files</Filter>
    </Image>
    <Image Include="Game\bin\graphics\Intro\Intro_000118.png">
      <Filter>Resource Files</Filter>
    </Image>
    <Image Include="Game\bin\graphics\Intro\Intro_000119.png">
      <Filter>Resource Files</Filter>
    </Image>
    <Image Include="Game\bin\graphics\platform100x40x1.png">
      <Filter>Resource Files</Filter>
    </Image>
    <Image Include="Game\bin\graphics\platform200x40x1.png">
      <Filter>Resource Files</Filter>
    </Image>
    <Image Include="Game\bin\graphics\backgroundMain.png">
      <Filter>Resource Files</Filter>
    </Image>
    <Image Include="Game\bin\graphics\platform400x40x1.png">
      <Filter>Resource Files</Filter>
    </Image>
    <Image Include="Game\bin\graphics\platform800x40x1.png">
      <Filter>Resource Files</Filter>
    </Image>
    <Image Include="Game\bin\graphics\polsl.png">
      <Filter>Resource Files</Filter>
    </Image>
    <Image Include="Game\bin\graphics\Letters\A.png">
      <Filter>Resource Files</Filter>
    </Image>
    <Image Include="Game\bin\graphics\Letters\B.png">
      <Filter>Resource Files</Filter>
    </Image>
    <Image Include="Game\bin\graphics\clouds.png">
      <Filter>Resource Files</Filter>
    </Image>
    <Image Include="Game\bin\graphics\Letters\C.png">
      <Filter>Resource Files</Filter>
    </Image>
    <Image Include="Game\bin\graphics\Letters\D.png">
      <Filter>Resource Files</Filter>
    </Image>
    <Image Include="Game\bin\graphics\Letters\E.png">
      <Filter>Resource Files</Filter>
    </Image>
    <Image Include="Game\bin\graphics\Letters\F.png">
      <Filter>Resource Files</Filter>
    </Image>
    <Image Include="Game\bin\graphics\Letters\G.png">
      <Filter>Resource Files</Filter>
    </Image>
    <Image Include="Game\bin\graphics\Letters\H.png">
      <Filter>Resource Files</Filter>
    </Image>
    <Image Include="Game\bin\graphics\Letters\I.png">
      <Filter>Resource Files</Filter>
    </Image>
    <Image Include="Game\bin\graphics\Letters\J.png">
      <Filter>Resource Files</Filter>
    </Image>
    <Image Include="Game\bin\graphics\Letters\K.png">
      <Filter>Resource Files</Filter>
    </Image>
    <Image Include="Game\bin\graphics\Letters\L.png">
      <Filter>Resource Files</Filter>
    </Image>
    <Image Include="Game\bin\graphics\Letters\M.png">
      <Filter>Resource Files</Filter>
    </Image>
    <Image Include="Game\bin\graphics\Letters\N.png">
      <Filter>Resource Files</Filter>
    </Image>
    <Image Include="Game\bin\graphics\Letters\P.png">
      <Filter>Resource Files</Filter>
    </Image>
    <Image Include="Game\bin\graphics\Letters\Q.png">
      <Filter>Resource Files</Filter>
    </Image>
    <Image Include="Game\bin\graphics\Letters\R.png">
      <Filter>Resource Files</Filter>
    </Image>
    <Image Include="Game\bin\graphics\Letters\S.png">
      <Filter>Resource Files</Filter>
    </Image>
    <Image Include="Game\bin\graphics\Letters\T.png">
      <Filter>Resource Files</Filter>
    </Image>
    <Image Include="Game\bin\graphics\Letters\U.png">
      <Filter>Resource Files</Filter>
    </Image>
    <Image Include="Game\bin\graphics\Letters\V.png">
      <Filter>Resource Files</Filter>
    </Image>
    <Image Include="Game\bin\graphics\Letters\W.png">
      <Filter>Resource Files</Filter>
    </Image>
    <Image Include="Game\bin\graphics\Letters\X.png">
      <Filter>Resource Files</Filter>
    </Image>
    <Image Include="Game\bin\graphics\Letters\Y.png">
      <Filter>Resource Files</Filter>
    </Image>
    <Image Include="Game\bin\graphics\Letters\Z.png">
      <Filter>Resource Files</Filter>
    </Image>
    <Image Include="Game\bin\graphics\quitButton.png">
      <Filter>Resource Files</Filter>
    </Image>
    <Image Include="Game\bin\graphics\startButton.png">
      <Filter>Resource Files</Filter>
    </Image>
    <Image Include="Game\bin\graphics\Letters\O.png">
      <Filter>Resource Files</Filter>
    </Image>
    <Image Include="Game\bin\graphics\quitButton_hoover.png">
      <Filter>Resource Files</Filter>
    </Image>
    <Image Include="Game\bin\graphics\startButton_hoover.png">
      <Filter>Resource Files</Filter>
    </Image>
    <Image Include="Game\bin\graphics\wirujaceOstrzeZnikad.png">
      <Filter>Resource Files</Filter>
    </Image>
    <Image Include="Game\bin\graphics\Loading.png">
      <Filter>Resource Files</Filter>
    </Image>
    <Image Include="Game\bin\graphics\num0.png">
      <Filter>Resource Files</Filter>
    </Image>
    <Image Include="Game\bin\graphics\num1.png">
      <Filter>Resource Files</Filter>
    </Image>
    <Image Include="Game\bin\graphics\num2.png">
      <Filter>Resource Files</Filter>
    </Image>
    <Image Include="Game\bin\graphics\num3.png">
      <Filter>Resource Files</Filter>
    </Image>
    <Image Include="Game\bin\graphics\num4.png">
      <Filter>Resource Files</Filter>
    </Image>
    <Image Include="Game\bin\graphics\num5.png">
      <Filter>Resource Files</Filter>
    </Image>
    <Image Include="Game\bin\graphics\num6.png">
      <Filter>Resource Files</Filter>
    </Image>
    <Image Include="Game\bin\graphics\num7.png">
      <Filter>Resource Files</Filter>
    </Image>
    <Image Include="Game\bin\graphics\num8.png">
      <Filter>Resource Files</Filter>
    </Image>
    <Image Include="Game\bin\graphics\num9.png">
      <Filter>Resource Files</Filter>
    </Image>
    <Image Include="Game\bin\graphics\combo.png">
      <Filter>Resource Files</Filter>
    </Image>
    <Image Include="Game\bin\graphics\arrowLeft.png">
      <Filter>Resource Files</Filter>
    </Image>
    <Image Include="Game\bin\graphics\arrowRight.png">
      <Filter>Resource Files</Filter>
    </Image>
    <Image Include="Game\bin\graphics\trees.png">
      <Filter>Resource Files</Filter>
    </Image>
    <Image Include="Game\bin\graphics\light3.png">
      <Filter>Resource Files</Filter>
    </Image>
    <Image Include="Game\bin\graphics\light2.png">
      <Filter>Resource Files</Filter>
    </Image>
    <Image Include="Game\bin\graphics\light1.png">
      <Filter>Resource Files</Filter>
    </Image>
  </ItemGroup>
  <ItemGroup>
    <Font Include="Game\bin\fonts\arial.ttf" />
  </ItemGroup>
  <ItemGroup>
    <Media Include="Game\bin\sounds\bass1.wav">
      <Filter>Resource Files</Filter>
    </Media>
    <Media Include="Game\bin\sounds\test1.wav">
      <Filter>Resource Files</Filter>
    </Media>
  </ItemGroup>
</Project>